
Microsoft Visual Studio Solution File, Format Version 12.00
# Visual Studio Version 17
VisualStudioVersion = 17.14.36414.22 d17.14
MinimumVisualStudioVersion = 10.0.40219.1
Project("{FAE04EC0-301F-11D3-BF4B-00C04F79EFBC}") = "AZ-AI-Language-AbstractiveSummary", "AZ-AI-Language-AbstractiveSummary\AZ-AI-Language-AbstractiveSummary.csproj", "{50BEFF12-6BC4-4A2F-9B60-97C7FE02878B}"
EndProject
Global
	GlobalSection(SolutionConfigurationPlatforms) = preSolution
		Debug|Any CPU = Debug|Any CPU
		Release|Any CPU = Release|Any CPU
	EndGlobalSection
	GlobalSection(ProjectConfigurationPlatforms) = postSolution
		{50BEFF12-6BC4-4A2F-9B60-97C7FE02878B}.Debug|Any CPU.ActiveCfg = Debug|Any CPU
		{50BEFF12-6BC4-4A2F-9B60-97C7FE02878B}.Debug|Any CPU.Build.0 = Debug|Any CPU
		{50BEFF12-6BC4-4A2F-9B60-97C7FE02878B}.Release|Any CPU.ActiveCfg = Release|Any CPU
		{50BEFF12-6BC4-4A2F-9B60-97C7FE02878B}.Release|Any CPU.Build.0 = Release|Any CPU
	EndGlobalSection
	GlobalSection(SolutionProperties) = preSolution
		HideSolutionNode = FALSE
	EndGlobalSection
	GlobalSection(ExtensibilityGlobals) = postSolution
		SolutionGuid = {18AFA7D9-E4C3-4375-81CC-DE588AC1DC61}
	EndGlobalSection
EndGlobal
